
Microsoft Visual Studio Solution File, Format Version 12.00
# Visual Studio 15
VisualStudioVersion = 15.0.27703.2047
MinimumVisualStudioVersion = 10.0.40219.1
Project("{FAE04EC0-301F-11D3-BF4B-00C04F79EFBC}") = "Entidades", "Entidades\Entidades.csproj", "{4C700ABC-35F5-438F-9AA3-8003CB3E2727}"
EndProject
Project("{FAE04EC0-301F-11D3-BF4B-00C04F79EFBC}") = "MainCorreo", "MainCorreo\MainCorreo.csproj", "{0448E059-B383-482F-AFC1-A80EC672F95B}"
EndProject
Global
	GlobalSection(SolutionConfigurationPlatforms) = preSolution
		Debug|Any CPU = Debug|Any CPU
		Release|Any CPU = Release|Any CPU
	EndGlobalSection
	GlobalSection(ProjectConfigurationPlatforms) = postSolution
		{4C700ABC-35F5-438F-9AA3-8003CB3E2727}.Debug|Any CPU.ActiveCfg = Debug|Any CPU
		{4C700ABC-35F5-438F-9AA3-8003CB3E2727}.Debug|Any CPU.Build.0 = Debug|Any CPU
		{4C700ABC-35F5-438F-9AA3-8003CB3E2727}.Release|Any CPU.ActiveCfg = Release|Any CPU
		{4C700ABC-35F5-438F-9AA3-8003CB3E2727}.Release|Any CPU.Build.0 = Release|Any CPU
		{0448E059-B383-482F-AFC1-A80EC672F95B}.Debug|Any CPU.ActiveCfg = Debug|Any CPU
		{0448E059-B383-482F-AFC1-A80EC672F95B}.Debug|Any CPU.Build.0 = Debug|Any CPU
		{0448E059-B383-482F-AFC1-A80EC672F95B}.Release|Any CPU.ActiveCfg = Release|Any CPU
		{0448E059-B383-482F-AFC1-A80EC672F95B}.Release|Any CPU.Build.0 = Release|Any CPU
	EndGlobalSection
	GlobalSection(SolutionProperties) = preSolution
		HideSolutionNode = FALSE
	EndGlobalSection
	GlobalSection(ExtensibilityGlobals) = postSolution
		SolutionGuid = {FC3C2EB3-BC8A-4420-AF5B-9ACA62B82406}
	EndGlobalSection
EndGlobal
