
Microsoft Visual Studio Solution File, Format Version 12.00
# Visual Studio 15
VisualStudioVersion = 15.0.27703.2047
MinimumVisualStudioVersion = 10.0.40219.1
Project("{FAE04EC0-301F-11D3-BF4B-00C04F79EFBC}") = "Entidades", "Entidades\Entidades.csproj", "{4C700ABC-35F5-438F-9AA3-8003CB3E2727}"
EndProject
Project("{FAE04EC0-301F-11D3-BF4B-00C04F79EFBC}") = "MainCorreo", "MainCorreo\MainCorreo.csproj", "{0448E059-B383-482F-AFC1-A80EC672F95B}"
EndProject
Project("{FAE04EC0-301F-11D3-BF4B-00C04F79EFBC}") = "Test Unitarios", "Test Unitarios2\Test Unitarios.csproj", "{62C7F087-4BB4-46D3-BBDB-28E57D202EB9}"
EndProject
Global
	GlobalSection(SolutionConfigurationPlatforms) = preSolution
		Debug|Any CPU = Debug|Any CPU
		Debug|ARM = Debug|ARM
		Debug|ARM64 = Debug|ARM64
		Debug|x64 = Debug|x64
		Debug|x86 = Debug|x86
		Release|Any CPU = Release|Any CPU
		Release|ARM = Release|ARM
		Release|ARM64 = Release|ARM64
		Release|x64 = Release|x64
		Release|x86 = Release|x86
	EndGlobalSection
	GlobalSection(ProjectConfigurationPlatforms) = postSolution
		{4C700ABC-35F5-438F-9AA3-8003CB3E2727}.Debug|Any CPU.ActiveCfg = Debug|Any CPU
		{4C700ABC-35F5-438F-9AA3-8003CB3E2727}.Debug|Any CPU.Build.0 = Debug|Any CPU
		{4C700ABC-35F5-438F-9AA3-8003CB3E2727}.Debug|ARM.ActiveCfg = Debug|Any CPU
		{4C700ABC-35F5-438F-9AA3-8003CB3E2727}.Debug|ARM.Build.0 = Debug|Any CPU
		{4C700ABC-35F5-438F-9AA3-8003CB3E2727}.Debug|ARM64.ActiveCfg = Debug|Any CPU
		{4C700ABC-35F5-438F-9AA3-8003CB3E2727}.Debug|ARM64.Build.0 = Debug|Any CPU
		{4C700ABC-35F5-438F-9AA3-8003CB3E2727}.Debug|x64.ActiveCfg = Debug|Any CPU
		{4C700ABC-35F5-438F-9AA3-8003CB3E2727}.Debug|x64.Build.0 = Debug|Any CPU
		{4C700ABC-35F5-438F-9AA3-8003CB3E2727}.Debug|x86.ActiveCfg = Debug|Any CPU
		{4C700ABC-35F5-438F-9AA3-8003CB3E2727}.Debug|x86.Build.0 = Debug|Any CPU
		{4C700ABC-35F5-438F-9AA3-8003CB3E2727}.Release|Any CPU.ActiveCfg = Release|Any CPU
		{4C700ABC-35F5-438F-9AA3-8003CB3E2727}.Release|Any CPU.Build.0 = Release|Any CPU
		{4C700ABC-35F5-438F-9AA3-8003CB3E2727}.Release|ARM.ActiveCfg = Release|Any CPU
		{4C700ABC-35F5-438F-9AA3-8003CB3E2727}.Release|ARM.Build.0 = Release|Any CPU
		{4C700ABC-35F5-438F-9AA3-8003CB3E2727}.Release|ARM64.ActiveCfg = Release|Any CPU
		{4C700ABC-35F5-438F-9AA3-8003CB3E2727}.Release|ARM64.Build.0 = Release|Any CPU
		{4C700ABC-35F5-438F-9AA3-8003CB3E2727}.Release|x64.ActiveCfg = Release|Any CPU
		{4C700ABC-35F5-438F-9AA3-8003CB3E2727}.Release|x64.Build.0 = Release|Any CPU
		{4C700ABC-35F5-438F-9AA3-8003CB3E2727}.Release|x86.ActiveCfg = Release|Any CPU
		{4C700ABC-35F5-438F-9AA3-8003CB3E2727}.Release|x86.Build.0 = Release|Any CPU
		{0448E059-B383-482F-AFC1-A80EC672F95B}.Debug|Any CPU.ActiveCfg = Debug|Any CPU
		{0448E059-B383-482F-AFC1-A80EC672F95B}.Debug|Any CPU.Build.0 = Debug|Any CPU
		{0448E059-B383-482F-AFC1-A80EC672F95B}.Debug|ARM.ActiveCfg = Debug|Any CPU
		{0448E059-B383-482F-AFC1-A80EC672F95B}.Debug|ARM.Build.0 = Debug|Any CPU
		{0448E059-B383-482F-AFC1-A80EC672F95B}.Debug|ARM64.ActiveCfg = Debug|Any CPU
		{0448E059-B383-482F-AFC1-A80EC672F95B}.Debug|ARM64.Build.0 = Debug|Any CPU
		{0448E059-B383-482F-AFC1-A80EC672F95B}.Debug|x64.ActiveCfg = Debug|Any CPU
		{0448E059-B383-482F-AFC1-A80EC672F95B}.Debug|x64.Build.0 = Debug|Any CPU
		{0448E059-B383-482F-AFC1-A80EC672F95B}.Debug|x86.ActiveCfg = Debug|Any CPU
		{0448E059-B383-482F-AFC1-A80EC672F95B}.Debug|x86.Build.0 = Debug|Any CPU
		{0448E059-B383-482F-AFC1-A80EC672F95B}.Release|Any CPU.ActiveCfg = Release|Any CPU
		{0448E059-B383-482F-AFC1-A80EC672F95B}.Release|Any CPU.Build.0 = Release|Any CPU
		{0448E059-B383-482F-AFC1-A80EC672F95B}.Release|ARM.ActiveCfg = Release|Any CPU
		{0448E059-B383-482F-AFC1-A80EC672F95B}.Release|ARM.Build.0 = Release|Any CPU
		{0448E059-B383-482F-AFC1-A80EC672F95B}.Release|ARM64.ActiveCfg = Release|Any CPU
		{0448E059-B383-482F-AFC1-A80EC672F95B}.Release|ARM64.Build.0 = Release|Any CPU
		{0448E059-B383-482F-AFC1-A80EC672F95B}.Release|x64.ActiveCfg = Release|Any CPU
		{0448E059-B383-482F-AFC1-A80EC672F95B}.Release|x64.Build.0 = Release|Any CPU
		{0448E059-B383-482F-AFC1-A80EC672F95B}.Release|x86.ActiveCfg = Release|Any CPU
		{0448E059-B383-482F-AFC1-A80EC672F95B}.Release|x86.Build.0 = Release|Any CPU
		{62C7F087-4BB4-46D3-BBDB-28E57D202EB9}.Debug|Any CPU.ActiveCfg = Debug|Any CPU
		{62C7F087-4BB4-46D3-BBDB-28E57D202EB9}.Debug|Any CPU.Build.0 = Debug|Any CPU
		{62C7F087-4BB4-46D3-BBDB-28E57D202EB9}.Debug|ARM.ActiveCfg = Debug|Any CPU
		{62C7F087-4BB4-46D3-BBDB-28E57D202EB9}.Debug|ARM.Build.0 = Debug|Any CPU
		{62C7F087-4BB4-46D3-BBDB-28E57D202EB9}.Debug|ARM64.ActiveCfg = Debug|Any CPU
		{62C7F087-4BB4-46D3-BBDB-28E57D202EB9}.Debug|ARM64.Build.0 = Debug|Any CPU
		{62C7F087-4BB4-46D3-BBDB-28E57D202EB9}.Debug|x64.ActiveCfg = Debug|Any CPU
		{62C7F087-4BB4-46D3-BBDB-28E57D202EB9}.Debug|x64.Build.0 = Debug|Any CPU
		{62C7F087-4BB4-46D3-BBDB-28E57D202EB9}.Debug|x86.ActiveCfg = Debug|Any CPU
		{62C7F087-4BB4-46D3-BBDB-28E57D202EB9}.Debug|x86.Build.0 = Debug|Any CPU
		{62C7F087-4BB4-46D3-BBDB-28E57D202EB9}.Release|Any CPU.ActiveCfg = Release|Any CPU
		{62C7F087-4BB4-46D3-BBDB-28E57D202EB9}.Release|Any CPU.Build.0 = Release|Any CPU
		{62C7F087-4BB4-46D3-BBDB-28E57D202EB9}.Release|ARM.ActiveCfg = Release|Any CPU
		{62C7F087-4BB4-46D3-BBDB-28E57D202EB9}.Release|ARM.Build.0 = Release|Any CPU
		{62C7F087-4BB4-46D3-BBDB-28E57D202EB9}.Release|ARM64.ActiveCfg = Release|Any CPU
		{62C7F087-4BB4-46D3-BBDB-28E57D202EB9}.Release|ARM64.Build.0 = Release|Any CPU
		{62C7F087-4BB4-46D3-BBDB-28E57D202EB9}.Release|x64.ActiveCfg = Release|Any CPU
		{62C7F087-4BB4-46D3-BBDB-28E57D202EB9}.Release|x64.Build.0 = Release|Any CPU
		{62C7F087-4BB4-46D3-BBDB-28E57D202EB9}.Release|x86.ActiveCfg = Release|Any CPU
		{62C7F087-4BB4-46D3-BBDB-28E57D202EB9}.Release|x86.Build.0 = Release|Any CPU
	EndGlobalSection
	GlobalSection(SolutionProperties) = preSolution
		HideSolutionNode = FALSE
	EndGlobalSection
	GlobalSection(ExtensibilityGlobals) = postSolution
		SolutionGuid = {FC3C2EB3-BC8A-4420-AF5B-9ACA62B82406}
	EndGlobalSection
EndGlobal
